
Microsoft Visual Studio Solution File, Format Version 12.00
# Visual Studio Version 17
VisualStudioVersion = 17.1.32421.90
MinimumVisualStudioVersion = 10.0.40219.1
Project("{9A19103F-16F7-4668-BE54-9A1E7A4F7556}") = "ProjectManagementAPI", "ProjectManagementAPI\ProjectManagementAPI.csproj", "{D840218F-B40D-4DF0-BD5F-90312E575212}"
EndProject
Project("{9A19103F-16F7-4668-BE54-9A1E7A4F7556}") = "BusinessObjects", "BusinessObjects\BusinessObjects.csproj", "{FCF0A032-FC64-4158-A833-87C6A7F9D253}"
EndProject
Project("{9A19103F-16F7-4668-BE54-9A1E7A4F7556}") = "DataAccess", "DataAccess\DataAccess.csproj", "{3FEEE993-BE41-442F-B144-4CD0BD35AE74}"
EndProject
Project("{9A19103F-16F7-4668-BE54-9A1E7A4F7556}") = "Repositories", "Repositories\Repositories.csproj", "{8BE5EBE5-8345-420E-B9FD-6DF59F1A8B6E}"
EndProject
Project("{FAE04EC0-301F-11D3-BF4B-00C04F79EFBC}") = "IdentityAjaxClient", "IdentityAjaxClient\IdentityAjaxClient.csproj", "{087676F9-1FF5-4572-9CCA-F5A286B45DD4}"
EndProject
Global
	GlobalSection(SolutionConfigurationPlatforms) = preSolution
		Debug|Any CPU = Debug|Any CPU
		Release|Any CPU = Release|Any CPU
	EndGlobalSection
	GlobalSection(ProjectConfigurationPlatforms) = postSolution
		{D840218F-B40D-4DF0-BD5F-90312E575212}.Debug|Any CPU.ActiveCfg = Debug|Any CPU
		{D840218F-B40D-4DF0-BD5F-90312E575212}.Debug|Any CPU.Build.0 = Debug|Any CPU
		{D840218F-B40D-4DF0-BD5F-90312E575212}.Release|Any CPU.ActiveCfg = Release|Any CPU
		{D840218F-B40D-4DF0-BD5F-90312E575212}.Release|Any CPU.Build.0 = Release|Any CPU
		{FCF0A032-FC64-4158-A833-87C6A7F9D253}.Debug|Any CPU.ActiveCfg = Debug|Any CPU
		{FCF0A032-FC64-4158-A833-87C6A7F9D253}.Debug|Any CPU.Build.0 = Debug|Any CPU
		{FCF0A032-FC64-4158-A833-87C6A7F9D253}.Release|Any CPU.ActiveCfg = Release|Any CPU
		{FCF0A032-FC64-4158-A833-87C6A7F9D253}.Release|Any CPU.Build.0 = Release|Any CPU
		{3FEEE993-BE41-442F-B144-4CD0BD35AE74}.Debug|Any CPU.ActiveCfg = Debug|Any CPU
		{3FEEE993-BE41-442F-B144-4CD0BD35AE74}.Debug|Any CPU.Build.0 = Debug|Any CPU
		{3FEEE993-BE41-442F-B144-4CD0BD35AE74}.Release|Any CPU.ActiveCfg = Release|Any CPU
		{3FEEE993-BE41-442F-B144-4CD0BD35AE74}.Release|Any CPU.Build.0 = Release|Any CPU
		{8BE5EBE5-8345-420E-B9FD-6DF59F1A8B6E}.Debug|Any CPU.ActiveCfg = Debug|Any CPU
		{8BE5EBE5-8345-420E-B9FD-6DF59F1A8B6E}.Debug|Any CPU.Build.0 = Debug|Any CPU
		{8BE5EBE5-8345-420E-B9FD-6DF59F1A8B6E}.Release|Any CPU.ActiveCfg = Release|Any CPU
		{8BE5EBE5-8345-420E-B9FD-6DF59F1A8B6E}.Release|Any CPU.Build.0 = Release|Any CPU
		{087676F9-1FF5-4572-9CCA-F5A286B45DD4}.Debug|Any CPU.ActiveCfg = Debug|Any CPU
		{087676F9-1FF5-4572-9CCA-F5A286B45DD4}.Debug|Any CPU.Build.0 = Debug|Any CPU
		{087676F9-1FF5-4572-9CCA-F5A286B45DD4}.Release|Any CPU.ActiveCfg = Release|Any CPU
		{087676F9-1FF5-4572-9CCA-F5A286B45DD4}.Release|Any CPU.Build.0 = Release|Any CPU
	EndGlobalSection
	GlobalSection(SolutionProperties) = preSolution
		HideSolutionNode = FALSE
	EndGlobalSection
	GlobalSection(ExtensibilityGlobals) = postSolution
		SolutionGuid = {41292C0F-B066-4DC2-97C3-A950C49A50DC}
	EndGlobalSection
EndGlobal
